
Microsoft Visual Studio Solution File, Format Version 12.00
# Visual Studio Version 16
VisualStudioVersion = 16.0.29613.14
MinimumVisualStudioVersion = 10.0.40219.1
Project("{FAE04EC0-301F-11D3-BF4B-00C04F79EFBC}") = "المطبخ الملكي", "المطبخ الملكي\المطبخ الملكي.csproj", "{64F2ECD0-88FE-4CE7-A405-8D87843D85EA}"
EndProject
Global
	GlobalSection(SolutionConfigurationPlatforms) = preSolution
		Debug|Any CPU = Debug|Any CPU
		Release|Any CPU = Release|Any CPU
	EndGlobalSection
	GlobalSection(ProjectConfigurationPlatforms) = postSolution
		{64F2ECD0-88FE-4CE7-A405-8D87843D85EA}.Debug|Any CPU.ActiveCfg = Debug|Any CPU
		{64F2ECD0-88FE-4CE7-A405-8D87843D85EA}.Debug|Any CPU.Build.0 = Debug|Any CPU
		{64F2ECD0-88FE-4CE7-A405-8D87843D85EA}.Release|Any CPU.ActiveCfg = Release|Any CPU
		{64F2ECD0-88FE-4CE7-A405-8D87843D85EA}.Release|Any CPU.Build.0 = Release|Any CPU
	EndGlobalSection
	GlobalSection(SolutionProperties) = preSolution
		HideSolutionNode = FALSE
	EndGlobalSection
	GlobalSection(ExtensibilityGlobals) = postSolution
		SolutionGuid = {BADA8C50-5674-475D-BF65-D0EF88952E84}
	EndGlobalSection
EndGlobal
